// !$*UTF8*$!
{
	archiveVersion = 1;
	classes = {
	};
	objectVersion = 46;
	objects = {

/* Begin PBXBuildFile section */
		77D5E3271D3EB2C700DC9474 /* AppDelegate.swift in Sources */ = {isa = PBXBuildFile; fileRef = 77D5E3261D3EB2C700DC9474 /* AppDelegate.swift */; };
		77D5E3291D3EB2C700DC9474 /* ViewController.swift in Sources */ = {isa = PBXBuildFile; fileRef = 77D5E3281D3EB2C700DC9474 /* ViewController.swift */; };
		77D5E32C1D3EB2C700DC9474 /* Main.storyboard in Resources */ = {isa = PBXBuildFile; fileRef = 77D5E32A1D3EB2C700DC9474 /* Main.storyboard */; };
		77D5E32E1D3EB2C700DC9474 /* Assets.xcassets in Resources */ = {isa = PBXBuildFile; fileRef = 77D5E32D1D3EB2C700DC9474 /* Assets.xcassets */; };
		77D5E3311D3EB2C700DC9474 /* LaunchScreen.storyboard in Resources */ = {isa = PBXBuildFile; fileRef = 77D5E32F1D3EB2C700DC9474 /* LaunchScreen.storyboard */; };
/* End PBXBuildFile section */

/* Begin PBXFileReference section */
		77D5E3231D3EB2C700DC9474 /* Tip Calculator.app */ = {isa = PBXFileReference; explicitFileType = wrapper.application; includeInIndex = 0; path = "Tip Calculator.app"; sourceTree = BUILT_PRODUCTS_DIR; };
		77D5E3261D3EB2C700DC9474 /* AppDelegate.swift */ = {isa = PBXFileReference; lastKnownFileType = sourcecode.swift; path = AppDelegate.swift; sourceTree = "<group>"; };
		77D5E3281D3EB2C700DC9474 /* ViewController.swift */ = {isa = PBXFileReference; lastKnownFileType = sourcecode.swift; path = ViewController.swift; sourceTree = "<group>"; };
		77D5E32B1D3EB2C700DC9474 /* Base */ = {isa = PBXFileReference; lastKnownFileType = file.storyboard; name = Base; path = Base.lproj/Main.storyboard; sourceTree = "<group>"; };
		77D5E32D1D3EB2C700DC9474 /* Assets.xcassets */ = {isa = PBXFileReference; lastKnownFileType = folder.assetcatalog; path = Assets.xcassets; sourceTree = "<group>"; };
		77D5E3301D3EB2C700DC9474 /* Base */ = {isa = PBXFileReference; lastKnownFileType = file.storyboard; name = Base; path = Base.lproj/LaunchScreen.storyboard; sourceTree = "<group>"; };
		77D5E3321D3EB2C700DC9474 /* Info.plist */ = {isa = PBXFileReference; lastKnownFileType = text.plist.xml; path = Info.plist; sourceTree = "<group>"; };
/* End PBXFileReference section */

/* Begin PBXFrameworksBuildPhase section */
		77D5E3201D3EB2C700DC9474 /* Frameworks */ = {
			isa = PBXFrameworksBuildPhase;
			buildActionMask = 2147483647;
			files = (
			);
			runOnlyForDeploymentPostprocessing = 0;
		};
/* End PBXFrameworksBuildPhase section */

/* Begin PBXGroup section */
		77D5E31A1D3EB2C700DC9474 = {
			isa = PBXGroup;
			children = (
				77D5E3251D3EB2C700DC9474 /* Tip Calculator */,
				77D5E3241D3EB2C700DC9474 /* Products */,
			);
			sourceTree = "<group>";
		};
		77D5E3241D3EB2C700DC9474 /* Products */ = {
			isa = PBXGroup;
			children = (
				77D5E3231D3EB2C700DC9474 /* Tip Calculator.app */,
			);
			name = Products;
			sourceTree = "<group>";
		};
		77D5E3251D3EB2C700DC9474 /* Tip Calculator */ = {
			isa = PBXGroup;
			children = (
				77D5E3261D3EB2C700DC9474 /* AppDelegate.swift */,
				77D5E3281D3EB2C700DC9474 /* ViewController.swift */,
				77D5E32A1D3EB2C700DC9474 /* Main.storyboard */,
				77D5E32D1D3EB2C700DC9474 /* Assets.xcassets */,
				77D5E32F1D3EB2C700DC9474 /* LaunchScreen.storyboard */,
				77D5E3321D3EB2C700DC9474 /* Info.plist */,
			);
			path = "Tip Calculator";
			sourceTree = "<group>";
		};
/* End PBXGroup section */

/* Begin PBXNativeTarget section */
		77D5E3221D3EB2C700DC9474 /* Tip Calculator */ = {
			isa = PBXNativeTarget;
			buildConfigurationList = 77D5E3351D3EB2C700DC9474 /* Build configuration list for PBXNativeTarget "Tip Calculator" */;
			buildPhases = (
				77D5E31F1D3EB2C700DC9474 /* Sources */,
				77D5E3201D3EB2C700DC9474 /* Frameworks */,
				77D5E3211D3EB2C700DC9474 /* Resources */,
			);
			buildRules = (
			);
			dependencies = (
			);
			name = "Tip Calculator";
			productName = "Tip Calculator";
			productReference = 77D5E3231D3EB2C700DC9474 /* Tip Calculator.app */;
			productType = "com.apple.product-type.application";
		};
/* End PBXNativeTarget section */

/* Begin PBXProject section */
		77D5E31B1D3EB2C700DC9474 /* Project object */ = {
			isa = PBXProject;
			attributes = {
				LastSwiftUpdateCheck = 0730;
				LastUpgradeCheck = 0730;
				ORGANIZATIONNAME = "Teddy Chen";
				TargetAttributes = {
					77D5E3221D3EB2C700DC9474 = {
						CreatedOnToolsVersion = 7.3.1;
					};
				};
			};
			buildConfigurationList = 77D5E31E1D3EB2C700DC9474 /* Build configuration list for PBXProject "Tip Calculator" */;
			compatibilityVersion = "Xcode 3.2";
			developmentRegion = English;
			hasScannedForEncodings = 0;
			knownRegions = (
				en,
				Base,
			);
			mainGroup = 77D5E31A1D3EB2C700DC9474;
			productRefGroup = 77D5E3241D3EB2C700DC9474 /* Products */;
			projectDirPath = "";
			projectRoot = "";
			targets = (
				77D5E3221D3EB2C700DC9474 /* Tip Calculator */,
			);
		};
/* End PBXProject section */

/* Begin PBXResourcesBuildPhase section */
		77D5E3211D3EB2C700DC9474 /* Resources */ = {
			isa = PBXResourcesBuildPhase;
			buildActionMask = 2147483647;
			files = (
				77D5E3311D3EB2C700DC9474 /* LaunchScreen.storyboard in Resources */,
				77D5E32E1D3EB2C700DC9474 /* Assets.xcassets in Resources */,
				77D5E32C1D3EB2C700DC9474 /* Main.storyboard in Resources */,
			);
			runOnlyForDeploymentPostprocessing = 0;
		};
/* End PBXResourcesBuildPhase section */

/* Begin PBXSourcesBuildPhase section */
		77D5E31F1D3EB2C700DC9474 /* Sources */ = {
			isa = PBXSourcesBuildPhase;
			buildActionMask = 2147483647;
			files = (
				77D5E3291D3EB2C700DC9474 /* ViewController.swift in Sources */,
				77D5E3271D3EB2C700DC9474 /* AppDelegate.swift in Sources */,
			);
			runOnlyForDeploymentPostprocessing = 0;
		};
/* End PBXSourcesBuildPhase section */

/* Begin PBXVariantGroup section */
		77D5E32A1D3EB2C700DC9474 /* Main.storyboard */ = {
			isa = PBXVariantGroup;
			children = (
				77D5E32B1D3EB2C700DC9474 /* Base */,
			);
			name = Main.storyboard;
			sourceTree = "<group>";
		};
		77D5E32F1D3EB2C700DC9474 /* LaunchScreen.storyboard */ = {
			isa = PBXVariantGroup;
			children = (
				77D5E3301D3EB2C700DC9474 /* Base */,
			);
			name = LaunchScreen.storyboard;
			sourceTree = "<group>";
		};
/* End PBXVariantGroup section */

/* Begin XCBuildConfiguration section */
		77D5E3331D3EB2C700DC9474 /* Debug */ = {
			isa = XCBuildConfiguration;
			buildSettings = {
				ALWAYS_SEARCH_USER_PATHS = NO;
				CLANG_ANALYZER_NONNULL = YES;
				CLANG_CXX_LANGUAGE_STANDARD = "gnu++0x";
				CLANG_CXX_LIBRARY = "libc++";
				CLANG_ENABLE_MODULES = YES;
				CLANG_ENABLE_OBJC_ARC = YES;
				CLANG_WARN_BOOL_CONVERSION = YES;
				CLANG_WARN_CONSTANT_CONVERSION = YES;
				CLANG_WARN_DIRECT_OBJC_ISA_USAGE = YES_ERROR;
				CLANG_WARN_EMPTY_BODY = YES;
				CLANG_WARN_ENUM_CONVERSION = YES;
				CLANG_WARN_INT_CONVERSION = YES;
				CLANG_WARN_OBJC_ROOT_CLASS = YES_ERROR;
				CLANG_WARN_UNREACHABLE_CODE = YES;
				CLANG_WARN__DUPLICATE_METHOD_MATCH = YES;
				"CODE_SIGN_IDENTITY[sdk=iphoneos*]" = "iPhone Developer";
				COPY_PHASE_STRIP = NO;
				DEBUG_INFORMATION_FORMAT = dwarf;
				ENABLE_STRICT_OBJC_MSGSEND = YES;
				ENABLE_TESTABILITY = YES;
				GCC_C_LANGUAGE_STANDARD = gnu99;
				GCC_DYNAMIC_NO_PIC = NO;
				GCC_NO_COMMON_BLOCKS = YES;
				GCC_OPTIMIZATION_LEVEL = 0;
				GCC_PREPROCESSOR_DEFINITIONS = (
					"DEBUG=1",
					"$(inherited)",
				);
				GCC_WARN_64_TO_32_BIT_CONVERSION = YES;
				GCC_WARN_ABOUT_RETURN_TYPE = YES_ERROR;
				GCC_WARN_UNDECLARED_SELECTOR = YES;
				GCC_WARN_UNINITIALIZED_AUTOS = YES_AGGRESSIVE;
				GCC_WARN_UNUSED_FUNCTION = YES;
				GCC_WARN_UNUSED_VARIABLE = YES;
				IPHONEOS_DEPLOYMENT_TARGET = 9.3;
				MTL_ENABLE_DEBUG_INFO = YES;
				ONLY_ACTIVE_ARCH = YES;
				SDKROOT = iphoneos;
				SWIFT_OPTIMIZATION_LEVEL = "-Onone";
			};
			name = Debug;
		};
		77D5E3341D3EB2C700DC9474 /* Release */ = {
			isa = XCBuildConfiguration;
			buildSettings = {
				ALWAYS_SEARCH_USER_PATHS = NO;
				CLANG_ANALYZER_NONNULL = YES;
				CLANG_CXX_LANGUAGE_STANDARD = "gnu++0x";
				CLANG_CXX_LIBRARY = "libc++";
				CLANG_ENABLE_MODULES = YES;
				CLANG_ENABLE_OBJC_ARC = YES;
				CLANG_WARN_BOOL_CONVERSION = YES;
				CLANG_WARN_CONSTANT_CONVERSION = YES;
				CLANG_WARN_DIRECT_OBJC_ISA_USAGE = YES_ERROR;
				CLANG_WARN_EMPTY_BODY = YES;
				CLANG_WARN_ENUM_CONVERSION = YES;
				CLANG_WARN_INT_CONVERSION = YES;
				CLANG_WARN_OBJC_ROOT_CLASS = YES_ERROR;
				CLANG_WARN_UNREACHABLE_CODE = YES;
				CLANG_WARN__DUPLICATE_METHOD_MATCH = YES;
				"CODE_SIGN_IDENTITY[sdk=iphoneos*]" = "iPhone Developer";
				COPY_PHASE_STRIP = NO;
				DEBUG_INFORMATION_FORMAT = "dwarf-with-dsym";
				ENABLE_NS_ASSERTIONS = NO;
				ENABLE_STRICT_OBJC_MSGSEND = YES;
				GCC_C_LANGUAGE_STANDARD = gnu99;
				GCC_NO_COMMON_BLOCKS = YES;
				GCC_WARN_64_TO_32_BIT_CONVERSION = YES;
				GCC_WARN_ABOUT_RETURN_TYPE = YES_ERROR;
				GCC_WARN_UNDECLARED_SELECTOR = YES;
				GCC_WARN_UNINITIALIZED_AUTOS = YES_AGGRESSIVE;
				GCC_WARN_UNUSED_FUNCTION = YES;
				GCC_WARN_UNUSED_VARIABLE = YES;
				IPHONEOS_DEPLOYMENT_TARGET = 9.3;
				MTL_ENABLE_DEBUG_INFO = NO;
				SDKROOT = iphoneos;
				VALIDATE_PRODUCT = YES;
			};
			name = Release;
		};
		77D5E3361D3EB2C700DC9474 /* Debug */ = {
			isa = XCBuildConfiguration;
			buildSettings = {
				ASSETCATALOG_COMPILER_APPICON_NAME = AppIcon;
				INFOPLIST_FILE = "Tip Calculator/Info.plist";
				LD_RUNPATH_SEARCH_PATHS = "$(inherited) @executable_path/Frameworks";
				PRODUCT_BUNDLE_IDENTIFIER = "com.teddychen.Tip-Calculator";
				PRODUCT_NAME = "$(TARGET_NAME)";
			};
			name = Debug;
		};
		77D5E3371D3EB2C700DC9474 /* Release */ = {
			isa = XCBuildConfiguration;
			buildSettings = {
				ASSETCATALOG_COMPILER_APPICON_NAME = AppIcon;
				INFOPLIST_FILE = "Tip Calculator/Info.plist";
				LD_RUNPATH_SEARCH_PATHS = "$(inherited) @executable_path/Frameworks";
				PRODUCT_BUNDLE_IDENTIFIER = "com.teddychen.Tip-Calculator";
				PRODUCT_NAME = "$(TARGET_NAME)";
			};
			name = Release;
		};
/* End XCBuildConfiguration section */

/* Begin XCConfigurationList section */
		77D5E31E1D3EB2C700DC9474 /* Build configuration list for PBXProject "Tip Calculator" */ = {
			isa = XCConfigurationList;
			buildConfigurations = (
				77D5E3331D3EB2C700DC9474 /* Debug */,
				77D5E3341D3EB2C700DC9474 /* Release */,
			);
			defaultConfigurationIsVisible = 0;
			defaultConfigurationName = Release;
		};
		77D5E3351D3EB2C700DC9474 /* Build configuration list for PBXNativeTarget "Tip Calculator" */ = {
			isa = XCConfigurationList;
			buildConfigurations = (
				77D5E3361D3EB2C700DC9474 /* Debug */,
				77D5E3371D3EB2C700DC9474 /* Release */,
			);
			defaultConfigurationIsVisible = 0;
		};
/* End XCConfigurationList section */
	};
	rootObject = 77D5E31B1D3EB2C700DC9474 /* Project object */;
}
